Microsoft Visual Studio Solution File, Format Version 11.00
# Visual Studio 2008

Project("{8FDC14FB-2769-EB53-9A1D-E12BC2F6B64D}") = "Pillarfight Eternal Glory (1)", "Assembly-CSharp-vs.csproj", "{19DA2357-7A84-D4F8-4144-2FD52CFEBE87}"
EndProject
Project("{8FDC14FB-2769-EB53-9A1D-E12BC2F6B64D}") = "Pillarfight Eternal Glory (1)", "Assembly-CSharp-Editor-vs.csproj", "{D758C950-E92A-1307-D8FC-A42B0263FB56}"
EndProject
Global
	GlobalSection(SolutionConfigurationPlatforms) = preSolution
		Debug|Any CPU = Debug|Any CPU
		Release|Any CPU = Release|Any CPU
	EndGlobalSection
	GlobalSection(ProjectConfigurationPlatforms) = postSolution
		{19DA2357-7A84-D4F8-4144-2FD52CFEBE87}.Debug|Any CPU.ActiveCfg = Debug|Any CPU
		{19DA2357-7A84-D4F8-4144-2FD52CFEBE87}.Debug|Any CPU.Build.0 = Debug|Any CPU
		{19DA2357-7A84-D4F8-4144-2FD52CFEBE87}.Release|Any CPU.ActiveCfg = Release|Any CPU
		{19DA2357-7A84-D4F8-4144-2FD52CFEBE87}.Release|Any CPU.Build.0 = Release|Any CPU
		{D758C950-E92A-1307-D8FC-A42B0263FB56}.Debug|Any CPU.ActiveCfg = Debug|Any CPU
		{D758C950-E92A-1307-D8FC-A42B0263FB56}.Debug|Any CPU.Build.0 = Debug|Any CPU
		{D758C950-E92A-1307-D8FC-A42B0263FB56}.Release|Any CPU.ActiveCfg = Release|Any CPU
		{D758C950-E92A-1307-D8FC-A42B0263FB56}.Release|Any CPU.Build.0 = Release|Any CPU
	EndGlobalSection
	GlobalSection(SolutionProperties) = preSolution
		HideSolutionNode = FALSE
	EndGlobalSection
					GlobalSection(MonoDevelopProperties) = preSolution
		StartupItem = Assembly-CSharp.csproj
		Policies = $0
		$0.TextStylePolicy = $1
		$1.inheritsSet = null
		$1.scope = text/x-csharp
		$0.CSharpFormattingPolicy = $2
		$2.inheritsSet = Mono
		$2.inheritsScope = text/x-csharp
		$2.scope = text/x-csharp
		$0.TextStylePolicy = $3
		$3.FileWidth = 120
		$3.TabWidth = 4
		$3.IndentWidth = 4
		$3.EolMarker = Unix
		$3.inheritsSet = Mono
		$3.inheritsScope = text/plain
		$3.scope = text/plain
	EndGlobalSection

EndGlobal
